// !$*UTF8*$!
{
	archiveVersion = 1;
	classes = {
	};
	objectVersion = 46;
	objects = {

/* Begin PBXBuildFile section */
		521213711CA888D80013715C /* AppDelegate.swift in Sources */ = {isa = PBXBuildFile; fileRef = 521213701CA888D80013715C /* AppDelegate.swift */; };
		521213731CA888D80013715C /* FirstViewController.swift in Sources */ = {isa = PBXBuildFile; fileRef = 521213721CA888D80013715C /* FirstViewController.swift */; };
		521213751CA888D80013715C /* SecondViewController.swift in Sources */ = {isa = PBXBuildFile; fileRef = 521213741CA888D80013715C /* SecondViewController.swift */; };
		521213781CA888D80013715C /* Main.storyboard in Resources */ = {isa = PBXBuildFile; fileRef = 521213761CA888D80013715C /* Main.storyboard */; };
		5212137A1CA888D80013715C /* Assets.xcassets in Resources */ = {isa = PBXBuildFile; fileRef = 521213791CA888D80013715C /* Assets.xcassets */; };
		5212137D1CA888D90013715C /* LaunchScreen.storyboard in Resources */ = {isa = PBXBuildFile; fileRef = 5212137B1CA888D90013715C /* LaunchScreen.storyboard */; };
/* End PBXBuildFile section */

/* Begin PBXFileReference section */
		5212136D1CA888D80013715C /* Lista de tareas.app */ = {isa = PBXFileReference; explicitFileType = wrapper.application; includeInIndex = 0; path = "Lista de tareas.app"; sourceTree = BUILT_PRODUCTS_DIR; };
		521213701CA888D80013715C /* AppDelegate.swift */ = {isa = PBXFileReference; lastKnownFileType = sourcecode.swift; path = AppDelegate.swift; sourceTree = "<group>"; };
		521213721CA888D80013715C /* FirstViewController.swift */ = {isa = PBXFileReference; lastKnownFileType = sourcecode.swift; path = FirstViewController.swift; sourceTree = "<group>"; };
		521213741CA888D80013715C /* SecondViewController.swift */ = {isa = PBXFileReference; lastKnownFileType = sourcecode.swift; path = SecondViewController.swift; sourceTree = "<group>"; };
		521213771CA888D80013715C /* Base */ = {isa = PBXFileReference; lastKnownFileType = file.storyboard; name = Base; path = Base.lproj/Main.storyboard; sourceTree = "<group>"; };
		521213791CA888D80013715C /* Assets.xcassets */ = {isa = PBXFileReference; lastKnownFileType = folder.assetcatalog; path = Assets.xcassets; sourceTree = "<group>"; };
		5212137C1CA888D90013715C /* Base */ = {isa = PBXFileReference; lastKnownFileType = file.storyboard; name = Base; path = Base.lproj/LaunchScreen.storyboard; sourceTree = "<group>"; };
		5212137E1CA888D90013715C /* Info.plist */ = {isa = PBXFileReference; lastKnownFileType = text.plist.xml; path = Info.plist; sourceTree = "<group>"; };
/* End PBXFileReference section */

/* Begin PBXFrameworksBuildPhase section */
		5212136A1CA888D80013715C /* Frameworks */ = {
			isa = PBXFrameworksBuildPhase;
			buildActionMask = 2147483647;
			files = (
			);
			runOnlyForDeploymentPostprocessing = 0;
		};
/* End PBXFrameworksBuildPhase section */

/* Begin PBXGroup section */
		521213641CA888D80013715C = {
			isa = PBXGroup;
			children = (
				5212136F1CA888D80013715C /* Lista de tareas */,
				5212136E1CA888D80013715C /* Products */,
			);
			sourceTree = "<group>";
		};
		5212136E1CA888D80013715C /* Products */ = {
			isa = PBXGroup;
			children = (
				5212136D1CA888D80013715C /* Lista de tareas.app */,
			);
			name = Products;
			sourceTree = "<group>";
		};
		5212136F1CA888D80013715C /* Lista de tareas */ = {
			isa = PBXGroup;
			children = (
				521213701CA888D80013715C /* AppDelegate.swift */,
				521213721CA888D80013715C /* FirstViewController.swift */,
				521213741CA888D80013715C /* SecondViewController.swift */,
				521213761CA888D80013715C /* Main.storyboard */,
				521213791CA888D80013715C /* Assets.xcassets */,
				5212137B1CA888D90013715C /* LaunchScreen.storyboard */,
				5212137E1CA888D90013715C /* Info.plist */,
			);
			path = "Lista de tareas";
			sourceTree = "<group>";
		};
/* End PBXGroup section */

/* Begin PBXNativeTarget section */
		5212136C1CA888D80013715C /* Lista de tareas */ = {
			isa = PBXNativeTarget;
			buildConfigurationList = 521213811CA888D90013715C /* Build configuration list for PBXNativeTarget "Lista de tareas" */;
			buildPhases = (
				521213691CA888D80013715C /* Sources */,
				5212136A1CA888D80013715C /* Frameworks */,
				5212136B1CA888D80013715C /* Resources */,
			);
			buildRules = (
			);
			dependencies = (
			);
			name = "Lista de tareas";
			productName = "Lista de tareas";
			productReference = 5212136D1CA888D80013715C /* Lista de tareas.app */;
			productType = "com.apple.product-type.application";
		};
/* End PBXNativeTarget section */

/* Begin PBXProject section */
		521213651CA888D80013715C /* Project object */ = {
			isa = PBXProject;
			attributes = {
				LastSwiftUpdateCheck = 0720;
				LastUpgradeCheck = 0720;
				ORGANIZATIONNAME = "MACBOOK PRO";
				TargetAttributes = {
					5212136C1CA888D80013715C = {
						CreatedOnToolsVersion = 7.2.1;
					};
				};
			};
			buildConfigurationList = 521213681CA888D80013715C /* Build configuration list for PBXProject "Lista de tareas" */;
			compatibilityVersion = "Xcode 3.2";
			developmentRegion = English;
			hasScannedForEncodings = 0;
			knownRegions = (
				en,
				Base,
			);
			mainGroup = 521213641CA888D80013715C;
			productRefGroup = 5212136E1CA888D80013715C /* Products */;
			projectDirPath = "";
			projectRoot = "";
			targets = (
				5212136C1CA888D80013715C /* Lista de tareas */,
			);
		};
/* End PBXProject section */

/* Begin PBXResourcesBuildPhase section */
		5212136B1CA888D80013715C /* Resources */ = {
			isa = PBXResourcesBuildPhase;
			buildActionMask = 2147483647;
			files = (
				5212137D1CA888D90013715C /* LaunchScreen.storyboard in Resources */,
				5212137A1CA888D80013715C /* Assets.xcassets in Resources */,
				521213781CA888D80013715C /* Main.storyboard in Resources */,
			);
			runOnlyForDeploymentPostprocessing = 0;
		};
/* End PBXResourcesBuildPhase section */

/* Begin PBXSourcesBuildPhase section */
		521213691CA888D80013715C /* Sources */ = {
			isa = PBXSourcesBuildPhase;
			buildActionMask = 2147483647;
			files = (
				521213751CA888D80013715C /* SecondViewController.swift in Sources */,
				521213711CA888D80013715C /* AppDelegate.swift in Sources */,
				521213731CA888D80013715C /* FirstViewController.swift in Sources */,
			);
			runOnlyForDeploymentPostprocessing = 0;
		};
/* End PBXSourcesBuildPhase section */

/* Begin PBXVariantGroup section */
		521213761CA888D80013715C /* Main.storyboard */ = {
			isa = PBXVariantGroup;
			children = (
				521213771CA888D80013715C /* Base */,
			);
			name = Main.storyboard;
			sourceTree = "<group>";
		};
		5212137B1CA888D90013715C /* LaunchScreen.storyboard */ = {
			isa = PBXVariantGroup;
			children = (
				5212137C1CA888D90013715C /* Base */,
			);
			name = LaunchScreen.storyboard;
			sourceTree = "<group>";
		};
/* End PBXVariantGroup section */

/* Begin XCBuildConfiguration section */
		5212137F1CA888D90013715C /* Debug */ = {
			isa = XCBuildConfiguration;
			buildSettings = {
				ALWAYS_SEARCH_USER_PATHS = NO;
				CLANG_CXX_LANGUAGE_STANDARD = "gnu++0x";
				CLANG_CXX_LIBRARY = "libc++";
				CLANG_ENABLE_MODULES = YES;
				CLANG_ENABLE_OBJC_ARC = YES;
				CLANG_WARN_BOOL_CONVERSION = YES;
				CLANG_WARN_CONSTANT_CONVERSION = YES;
				CLANG_WARN_DIRECT_OBJC_ISA_USAGE = YES_ERROR;
				CLANG_WARN_EMPTY_BODY = YES;
				CLANG_WARN_ENUM_CONVERSION = YES;
				CLANG_WARN_INT_CONVERSION = YES;
				CLANG_WARN_OBJC_ROOT_CLASS = YES_ERROR;
				CLANG_WARN_UNREACHABLE_CODE = YES;
				CLANG_WARN__DUPLICATE_METHOD_MATCH = YES;
				"CODE_SIGN_IDENTITY[sdk=iphoneos*]" = "iPhone Developer";
				COPY_PHASE_STRIP = NO;
				DEBUG_INFORMATION_FORMAT = dwarf;
				ENABLE_STRICT_OBJC_MSGSEND = YES;
				ENABLE_TESTABILITY = YES;
				GCC_C_LANGUAGE_STANDARD = gnu99;
				GCC_DYNAMIC_NO_PIC = NO;
				GCC_NO_COMMON_BLOCKS = YES;
				GCC_OPTIMIZATION_LEVEL = 0;
				GCC_PREPROCESSOR_DEFINITIONS = (
					"DEBUG=1",
					"$(inherited)",
				);
				GCC_WARN_64_TO_32_BIT_CONVERSION = YES;
				GCC_WARN_ABOUT_RETURN_TYPE = YES_ERROR;
				GCC_WARN_UNDECLARED_SELECTOR = YES;
				GCC_WARN_UNINITIALIZED_AUTOS = YES_AGGRESSIVE;
				GCC_WARN_UNUSED_FUNCTION = YES;
				GCC_WARN_UNUSED_VARIABLE = YES;
				IPHONEOS_DEPLOYMENT_TARGET = 9.2;
				MTL_ENABLE_DEBUG_INFO = YES;
				ONLY_ACTIVE_ARCH = YES;
				SDKROOT = iphoneos;
				SWIFT_OPTIMIZATION_LEVEL = "-Onone";
			};
			name = Debug;
		};
		521213801CA888D90013715C /* Release */ = {
			isa = XCBuildConfiguration;
			buildSettings = {
				ALWAYS_SEARCH_USER_PATHS = NO;
				CLANG_CXX_LANGUAGE_STANDARD = "gnu++0x";
				CLANG_CXX_LIBRARY = "libc++";
				CLANG_ENABLE_MODULES = YES;
				CLANG_ENABLE_OBJC_ARC = YES;
				CLANG_WARN_BOOL_CONVERSION = YES;
				CLANG_WARN_CONSTANT_CONVERSION = YES;
				CLANG_WARN_DIRECT_OBJC_ISA_USAGE = YES_ERROR;
				CLANG_WARN_EMPTY_BODY = YES;
				CLANG_WARN_ENUM_CONVERSION = YES;
				CLANG_WARN_INT_CONVERSION = YES;
				CLANG_WARN_OBJC_ROOT_CLASS = YES_ERROR;
				CLANG_WARN_UNREACHABLE_CODE = YES;
				CLANG_WARN__DUPLICATE_METHOD_MATCH = YES;
				"CODE_SIGN_IDENTITY[sdk=iphoneos*]" = "iPhone Developer";
				COPY_PHASE_STRIP = NO;
				DEBUG_INFORMATION_FORMAT = "dwarf-with-dsym";
				ENABLE_NS_ASSERTIONS = NO;
				ENABLE_STRICT_OBJC_MSGSEND = YES;
				GCC_C_LANGUAGE_STANDARD = gnu99;
				GCC_NO_COMMON_BLOCKS = YES;
				GCC_WARN_64_TO_32_BIT_CONVERSION = YES;
				GCC_WARN_ABOUT_RETURN_TYPE = YES_ERROR;
				GCC_WARN_UNDECLARED_SELECTOR = YES;
				GCC_WARN_UNINITIALIZED_AUTOS = YES_AGGRESSIVE;
				GCC_WARN_UNUSED_FUNCTION = YES;
				GCC_WARN_UNUSED_VARIABLE = YES;
				IPHONEOS_DEPLOYMENT_TARGET = 9.2;
				MTL_ENABLE_DEBUG_INFO = NO;
				SDKROOT = iphoneos;
				VALIDATE_PRODUCT = YES;
			};
			name = Release;
		};
		521213821CA888D90013715C /* Debug */ = {
			isa = XCBuildConfiguration;
			buildSettings = {
				ASSETCATALOG_COMPILER_APPICON_NAME = AppIcon;
				INFOPLIST_FILE = "Lista de tareas/Info.plist";
				LD_RUNPATH_SEARCH_PATHS = "$(inherited) @executable_path/Frameworks";
				PRODUCT_BUNDLE_IDENTIFIER = "com.upc.pe.Lista-de-tareas";
				PRODUCT_NAME = "$(TARGET_NAME)";
			};
			name = Debug;
		};
		521213831CA888D90013715C /* Release */ = {
			isa = XCBuildConfiguration;
			buildSettings = {
				ASSETCATALOG_COMPILER_APPICON_NAME = AppIcon;
				INFOPLIST_FILE = "Lista de tareas/Info.plist";
				LD_RUNPATH_SEARCH_PATHS = "$(inherited) @executable_path/Frameworks";
				PRODUCT_BUNDLE_IDENTIFIER = "com.upc.pe.Lista-de-tareas";
				PRODUCT_NAME = "$(TARGET_NAME)";
			};
			name = Release;
		};
/* End XCBuildConfiguration section */

/* Begin XCConfigurationList section */
		521213681CA888D80013715C /* Build configuration list for PBXProject "Lista de tareas" */ = {
			isa = XCConfigurationList;
			buildConfigurations = (
				5212137F1CA888D90013715C /* Debug */,
				521213801CA888D90013715C /* Release */,
			);
			defaultConfigurationIsVisible = 0;
			defaultConfigurationName = Release;
		};
		521213811CA888D90013715C /* Build configuration list for PBXNativeTarget "Lista de tareas" */ = {
			isa = XCConfigurationList;
			buildConfigurations = (
				521213821CA888D90013715C /* Debug */,
				521213831CA888D90013715C /* Release */,
			);
			defaultConfigurationIsVisible = 0;
		};
/* End XCConfigurationList section */
	};
	rootObject = 521213651CA888D80013715C /* Project object */;
}
